
Microsoft Visual Studio Solution File, Format Version 12.00
# Visual Studio Version 17
VisualStudioVersion = 17.0.32014.148
MinimumVisualStudioVersion = 10.0.40219.1
Project("{FAE04EC0-301F-11D3-BF4B-00C04F79EFBC}") = "2022020701HelloWorld", "2022020701HelloWorld\2022020701HelloWorld.csproj", "{C062FE67-A74D-48D1-B85D-D0B6AD45016F}"
EndProject
Global
	GlobalSection(SolutionConfigurationPlatforms) = preSolution
		Debug|Any CPU = Debug|Any CPU
		Release|Any CPU = Release|Any CPU
	EndGlobalSection
	GlobalSection(ProjectConfigurationPlatforms) = postSolution
		{C062FE67-A74D-48D1-B85D-D0B6AD45016F}.Debug|Any CPU.ActiveCfg = Debug|Any CPU
		{C062FE67-A74D-48D1-B85D-D0B6AD45016F}.Debug|Any CPU.Build.0 = Debug|Any CPU
		{C062FE67-A74D-48D1-B85D-D0B6AD45016F}.Release|Any CPU.ActiveCfg = Release|Any CPU
		{C062FE67-A74D-48D1-B85D-D0B6AD45016F}.Release|Any CPU.Build.0 = Release|Any CPU
	EndGlobalSection
	GlobalSection(SolutionProperties) = preSolution
		HideSolutionNode = FALSE
	EndGlobalSection
	GlobalSection(ExtensibilityGlobals) = postSolution
		SolutionGuid = {59F8343C-045C-4707-94C5-444411A34898}
	EndGlobalSection
EndGlobal
