
Microsoft Visual Studio Solution File, Format Version 12.00
# Visual Studio Version 17
VisualStudioVersion = 17.0.32014.148
MinimumVisualStudioVersion = 10.0.40219.1
Project("{FAE04EC0-301F-11D3-BF4B-00C04F79EFBC}") = "2022021401 PhotoAlbum", "2022021401 PhotoAlbum\2022021401 PhotoAlbum.csproj", "{E5F86576-9C56-4E65-9C43-539A995B24C3}"
EndProject
Global
	GlobalSection(SolutionConfigurationPlatforms) = preSolution
		Debug|Any CPU = Debug|Any CPU
		Release|Any CPU = Release|Any CPU
	EndGlobalSection
	GlobalSection(ProjectConfigurationPlatforms) = postSolution
		{E5F86576-9C56-4E65-9C43-539A995B24C3}.Debug|Any CPU.ActiveCfg = Debug|Any CPU
		{E5F86576-9C56-4E65-9C43-539A995B24C3}.Debug|Any CPU.Build.0 = Debug|Any CPU
		{E5F86576-9C56-4E65-9C43-539A995B24C3}.Release|Any CPU.ActiveCfg = Release|Any CPU
		{E5F86576-9C56-4E65-9C43-539A995B24C3}.Release|Any CPU.Build.0 = Release|Any CPU
	EndGlobalSection
	GlobalSection(SolutionProperties) = preSolution
		HideSolutionNode = FALSE
	EndGlobalSection
	GlobalSection(ExtensibilityGlobals) = postSolution
		SolutionGuid = {84FFE1CF-EB06-40EA-8583-0DAC4AF1729D}
	EndGlobalSection
EndGlobal
