
Microsoft Visual Studio Solution File, Format Version 12.00
# Visual Studio Version 17
VisualStudioVersion = 17.4.33205.214
MinimumVisualStudioVersion = 10.0.40219.1
Project("{8BC9CEB8-8B4A-11D0-8D11-00A0C91BC942}") = "FileIO2023", "FileIO2023.vcxproj", "{23FCE237-0FEA-499E-8B18-275ACEBE197F}"
EndProject
Global
	GlobalSection(SolutionConfigurationPlatforms) = preSolution
		Debug|x64 = Debug|x64
		Debug|x86 = Debug|x86
		Release|x64 = Release|x64
		Release|x86 = Release|x86
	EndGlobalSection
	GlobalSection(ProjectConfigurationPlatforms) = postSolution
		{23FCE237-0FEA-499E-8B18-275ACEBE197F}.Debug|x64.ActiveCfg = Debug|x64
		{23FCE237-0FEA-499E-8B18-275ACEBE197F}.Debug|x64.Build.0 = Debug|x64
		{23FCE237-0FEA-499E-8B18-275ACEBE197F}.Debug|x86.ActiveCfg = Debug|Win32
		{23FCE237-0FEA-499E-8B18-275ACEBE197F}.Debug|x86.Build.0 = Debug|Win32
		{23FCE237-0FEA-499E-8B18-275ACEBE197F}.Release|x64.ActiveCfg = Release|x64
		{23FCE237-0FEA-499E-8B18-275ACEBE197F}.Release|x64.Build.0 = Release|x64
		{23FCE237-0FEA-499E-8B18-275ACEBE197F}.Release|x86.ActiveCfg = Release|Win32
		{23FCE237-0FEA-499E-8B18-275ACEBE197F}.Release|x86.Build.0 = Release|Win32
	EndGlobalSection
	GlobalSection(SolutionProperties) = preSolution
		HideSolutionNode = FALSE
	EndGlobalSection
	GlobalSection(ExtensibilityGlobals) = postSolution
		SolutionGuid = {A86BF86E-8A52-4A22-9C7C-748A4F8486E8}
	EndGlobalSection
EndGlobal
