
Microsoft Visual Studio Solution File, Format Version 12.00
# Visual Studio Version 17
VisualStudioVersion = 17.4.33205.214
MinimumVisualStudioVersion = 10.0.40219.1
Project("{8BC9CEB8-8B4A-11D0-8D11-00A0C91BC942}") = "Project1", "Project1.vcxproj", "{FB70A014-55E5-4B79-B225-61C7113C04EE}"
EndProject
Global
	GlobalSection(SolutionConfigurationPlatforms) = preSolution
		Debug|x64 = Debug|x64
		Debug|x86 = Debug|x86
		Release|x64 = Release|x64
		Release|x86 = Release|x86
	EndGlobalSection
	GlobalSection(ProjectConfigurationPlatforms) = postSolution
		{FB70A014-55E5-4B79-B225-61C7113C04EE}.Debug|x64.ActiveCfg = Debug|x64
		{FB70A014-55E5-4B79-B225-61C7113C04EE}.Debug|x64.Build.0 = Debug|x64
		{FB70A014-55E5-4B79-B225-61C7113C04EE}.Debug|x86.ActiveCfg = Debug|Win32
		{FB70A014-55E5-4B79-B225-61C7113C04EE}.Debug|x86.Build.0 = Debug|Win32
		{FB70A014-55E5-4B79-B225-61C7113C04EE}.Release|x64.ActiveCfg = Release|x64
		{FB70A014-55E5-4B79-B225-61C7113C04EE}.Release|x64.Build.0 = Release|x64
		{FB70A014-55E5-4B79-B225-61C7113C04EE}.Release|x86.ActiveCfg = Release|Win32
		{FB70A014-55E5-4B79-B225-61C7113C04EE}.Release|x86.Build.0 = Release|Win32
	EndGlobalSection
	GlobalSection(SolutionProperties) = preSolution
		HideSolutionNode = FALSE
	EndGlobalSection
	GlobalSection(ExtensibilityGlobals) = postSolution
		SolutionGuid = {79A28363-5F69-4B40-8F5D-1C01AF3294E0}
	EndGlobalSection
EndGlobal
