
Microsoft Visual Studio Solution File, Format Version 12.00
# Visual Studio Version 17
VisualStudioVersion = 17.1.32210.238
MinimumVisualStudioVersion = 10.0.40219.1
Project("{FAE04EC0-301F-11D3-BF4B-00C04F79EFBC}") = "PlayerTest", "PlayerTest\PlayerTest.csproj", "{ACFEAC3E-2639-4484-8ED7-21165D5164A1}"
EndProject
Global
	GlobalSection(SolutionConfigurationPlatforms) = preSolution
		Debug|Any CPU = Debug|Any CPU
		Release|Any CPU = Release|Any CPU
	EndGlobalSection
	GlobalSection(ProjectConfigurationPlatforms) = postSolution
		{ACFEAC3E-2639-4484-8ED7-21165D5164A1}.Debug|Any CPU.ActiveCfg = Debug|Any CPU
		{ACFEAC3E-2639-4484-8ED7-21165D5164A1}.Debug|Any CPU.Build.0 = Debug|Any CPU
		{ACFEAC3E-2639-4484-8ED7-21165D5164A1}.Release|Any CPU.ActiveCfg = Release|Any CPU
		{ACFEAC3E-2639-4484-8ED7-21165D5164A1}.Release|Any CPU.Build.0 = Release|Any CPU
	EndGlobalSection
	GlobalSection(SolutionProperties) = preSolution
		HideSolutionNode = FALSE
	EndGlobalSection
	GlobalSection(ExtensibilityGlobals) = postSolution
		SolutionGuid = {C9E2A7FF-0AF8-40D6-9FFF-25D4FEFC8568}
	EndGlobalSection
EndGlobal
