
Microsoft Visual Studio Solution File, Format Version 12.00
# Visual Studio Version 17
VisualStudioVersion = 17.2.32616.157
MinimumVisualStudioVersion = 10.0.40219.1
Project("{8BC9CEB8-8B4A-11D0-8D11-00A0C91BC942}") = "arrayTest", "arrayTest\arrayTest.vcxproj", "{A28E2019-C467-4602-B364-A3F7D10FA39B}"
EndProject
Global
	GlobalSection(SolutionConfigurationPlatforms) = preSolution
		Debug|x64 = Debug|x64
		Debug|x86 = Debug|x86
		Release|x64 = Release|x64
		Release|x86 = Release|x86
	EndGlobalSection
	GlobalSection(ProjectConfigurationPlatforms) = postSolution
		{A28E2019-C467-4602-B364-A3F7D10FA39B}.Debug|x64.ActiveCfg = Debug|x64
		{A28E2019-C467-4602-B364-A3F7D10FA39B}.Debug|x64.Build.0 = Debug|x64
		{A28E2019-C467-4602-B364-A3F7D10FA39B}.Debug|x86.ActiveCfg = Debug|Win32
		{A28E2019-C467-4602-B364-A3F7D10FA39B}.Debug|x86.Build.0 = Debug|Win32
		{A28E2019-C467-4602-B364-A3F7D10FA39B}.Release|x64.ActiveCfg = Release|x64
		{A28E2019-C467-4602-B364-A3F7D10FA39B}.Release|x64.Build.0 = Release|x64
		{A28E2019-C467-4602-B364-A3F7D10FA39B}.Release|x86.ActiveCfg = Release|Win32
		{A28E2019-C467-4602-B364-A3F7D10FA39B}.Release|x86.Build.0 = Release|Win32
	EndGlobalSection
	GlobalSection(SolutionProperties) = preSolution
		HideSolutionNode = FALSE
	EndGlobalSection
	GlobalSection(ExtensibilityGlobals) = postSolution
		SolutionGuid = {B01EDD3F-BE7D-4B86-B675-C93C440F8341}
	EndGlobalSection
EndGlobal
