
Microsoft Visual Studio Solution File, Format Version 12.00
# Visual Studio Version 17
VisualStudioVersion = 17.0.32014.148
MinimumVisualStudioVersion = 10.0.40219.1
Project("{8BC9CEB8-8B4A-11D0-8D11-00A0C91BC942}") = "Data1", "Data1\Data1.vcxproj", "{F8B17147-ED22-4CE8-B804-BF2172129C09}"
EndProject
Global
	GlobalSection(SolutionConfigurationPlatforms) = preSolution
		Debug|x64 = Debug|x64
		Debug|x86 = Debug|x86
		Release|x64 = Release|x64
		Release|x86 = Release|x86
	EndGlobalSection
	GlobalSection(ProjectConfigurationPlatforms) = postSolution
		{F8B17147-ED22-4CE8-B804-BF2172129C09}.Debug|x64.ActiveCfg = Debug|x64
		{F8B17147-ED22-4CE8-B804-BF2172129C09}.Debug|x64.Build.0 = Debug|x64
		{F8B17147-ED22-4CE8-B804-BF2172129C09}.Debug|x86.ActiveCfg = Debug|Win32
		{F8B17147-ED22-4CE8-B804-BF2172129C09}.Debug|x86.Build.0 = Debug|Win32
		{F8B17147-ED22-4CE8-B804-BF2172129C09}.Release|x64.ActiveCfg = Release|x64
		{F8B17147-ED22-4CE8-B804-BF2172129C09}.Release|x64.Build.0 = Release|x64
		{F8B17147-ED22-4CE8-B804-BF2172129C09}.Release|x86.ActiveCfg = Release|Win32
		{F8B17147-ED22-4CE8-B804-BF2172129C09}.Release|x86.Build.0 = Release|Win32
	EndGlobalSection
	GlobalSection(SolutionProperties) = preSolution
		HideSolutionNode = FALSE
	EndGlobalSection
	GlobalSection(ExtensibilityGlobals) = postSolution
		SolutionGuid = {1F9F5F30-9121-4A60-B4F8-8FB342B1D639}
	EndGlobalSection
EndGlobal
