
Microsoft Visual Studio Solution File, Format Version 12.00
# Visual Studio Version 17
VisualStudioVersion = 17.0.32014.148
MinimumVisualStudioVersion = 10.0.40219.1
Project("{FAE04EC0-301F-11D3-BF4B-00C04F79EFBC}") = "2022021502 ThreeCard Random", "WindowsFormsApp1\2022021502 ThreeCard Random.csproj", "{903E77B0-EDDB-4993-940B-048354627EB9}"
EndProject
Global
	GlobalSection(SolutionConfigurationPlatforms) = preSolution
		Debug|Any CPU = Debug|Any CPU
		Release|Any CPU = Release|Any CPU
	EndGlobalSection
	GlobalSection(ProjectConfigurationPlatforms) = postSolution
		{903E77B0-EDDB-4993-940B-048354627EB9}.Debug|Any CPU.ActiveCfg = Debug|Any CPU
		{903E77B0-EDDB-4993-940B-048354627EB9}.Debug|Any CPU.Build.0 = Debug|Any CPU
		{903E77B0-EDDB-4993-940B-048354627EB9}.Release|Any CPU.ActiveCfg = Release|Any CPU
		{903E77B0-EDDB-4993-940B-048354627EB9}.Release|Any CPU.Build.0 = Release|Any CPU
	EndGlobalSection
	GlobalSection(SolutionProperties) = preSolution
		HideSolutionNode = FALSE
	EndGlobalSection
	GlobalSection(ExtensibilityGlobals) = postSolution
		SolutionGuid = {BD236041-938E-4923-A93A-04F0078DAC47}
	EndGlobalSection
EndGlobal
