
Microsoft Visual Studio Solution File, Format Version 12.00
# Visual Studio Version 17
VisualStudioVersion = 17.4.33103.184
MinimumVisualStudioVersion = 10.0.40219.1
Project("{FAE04EC0-301F-11D3-BF4B-00C04F79EFBC}") = "QuizApp3", "QuizApp3.csproj", "{699BAB78-E3BE-4092-8B7C-3E939C03188B}"
EndProject
Global
	GlobalSection(SolutionConfigurationPlatforms) = preSolution
		Debug|Any CPU = Debug|Any CPU
		Release|Any CPU = Release|Any CPU
	EndGlobalSection
	GlobalSection(ProjectConfigurationPlatforms) = postSolution
		{699BAB78-E3BE-4092-8B7C-3E939C03188B}.Debug|Any CPU.ActiveCfg = Debug|Any CPU
		{699BAB78-E3BE-4092-8B7C-3E939C03188B}.Debug|Any CPU.Build.0 = Debug|Any CPU
		{699BAB78-E3BE-4092-8B7C-3E939C03188B}.Release|Any CPU.ActiveCfg = Release|Any CPU
		{699BAB78-E3BE-4092-8B7C-3E939C03188B}.Release|Any CPU.Build.0 = Release|Any CPU
	EndGlobalSection
	GlobalSection(SolutionProperties) = preSolution
		HideSolutionNode = FALSE
	EndGlobalSection
	GlobalSection(ExtensibilityGlobals) = postSolution
		SolutionGuid = {DCC47765-3733-4B17-90CE-22C855F9E33A}
	EndGlobalSection
EndGlobal
