
Microsoft Visual Studio Solution File, Format Version 12.00
# Visual Studio Version 17
VisualStudioVersion = 17.1.32210.238
MinimumVisualStudioVersion = 10.0.40219.1
Project("{FAE04EC0-301F-11D3-BF4B-00C04F79EFBC}") = "2022030201 CS Array Tutorial", "2022030201 CS Array Tutorial\2022030201 CS Array Tutorial.csproj", "{615322B5-FF74-4DC1-A6D0-5FB23FDAEDF3}"
EndProject
Global
	GlobalSection(SolutionConfigurationPlatforms) = preSolution
		Debug|Any CPU = Debug|Any CPU
		Release|Any CPU = Release|Any CPU
	EndGlobalSection
	GlobalSection(ProjectConfigurationPlatforms) = postSolution
		{615322B5-FF74-4DC1-A6D0-5FB23FDAEDF3}.Debug|Any CPU.ActiveCfg = Debug|Any CPU
		{615322B5-FF74-4DC1-A6D0-5FB23FDAEDF3}.Debug|Any CPU.Build.0 = Debug|Any CPU
		{615322B5-FF74-4DC1-A6D0-5FB23FDAEDF3}.Release|Any CPU.ActiveCfg = Release|Any CPU
		{615322B5-FF74-4DC1-A6D0-5FB23FDAEDF3}.Release|Any CPU.Build.0 = Release|Any CPU
	EndGlobalSection
	GlobalSection(SolutionProperties) = preSolution
		HideSolutionNode = FALSE
	EndGlobalSection
	GlobalSection(ExtensibilityGlobals) = postSolution
		SolutionGuid = {2A7A3E12-9AD1-42C7-B53A-91405C5669E1}
	EndGlobalSection
EndGlobal
