
Microsoft Visual Studio Solution File, Format Version 12.00
# Visual Studio Version 17
VisualStudioVersion = 17.4.33205.214
MinimumVisualStudioVersion = 10.0.40219.1
Project("{8BC9CEB8-8B4A-11D0-8D11-00A0C91BC942}") = "ArrayTest2", "ArrayTest2.vcxproj", "{8B8EBA16-9AD7-486C-B7CF-9AA56B56869C}"
EndProject
Global
	GlobalSection(SolutionConfigurationPlatforms) = preSolution
		Debug|x64 = Debug|x64
		Debug|x86 = Debug|x86
		Release|x64 = Release|x64
		Release|x86 = Release|x86
	EndGlobalSection
	GlobalSection(ProjectConfigurationPlatforms) = postSolution
		{8B8EBA16-9AD7-486C-B7CF-9AA56B56869C}.Debug|x64.ActiveCfg = Debug|x64
		{8B8EBA16-9AD7-486C-B7CF-9AA56B56869C}.Debug|x64.Build.0 = Debug|x64
		{8B8EBA16-9AD7-486C-B7CF-9AA56B56869C}.Debug|x86.ActiveCfg = Debug|Win32
		{8B8EBA16-9AD7-486C-B7CF-9AA56B56869C}.Debug|x86.Build.0 = Debug|Win32
		{8B8EBA16-9AD7-486C-B7CF-9AA56B56869C}.Release|x64.ActiveCfg = Release|x64
		{8B8EBA16-9AD7-486C-B7CF-9AA56B56869C}.Release|x64.Build.0 = Release|x64
		{8B8EBA16-9AD7-486C-B7CF-9AA56B56869C}.Release|x86.ActiveCfg = Release|Win32
		{8B8EBA16-9AD7-486C-B7CF-9AA56B56869C}.Release|x86.Build.0 = Release|Win32
	EndGlobalSection
	GlobalSection(SolutionProperties) = preSolution
		HideSolutionNode = FALSE
	EndGlobalSection
	GlobalSection(ExtensibilityGlobals) = postSolution
		SolutionGuid = {CDC8BE49-A125-4821-8644-3976AE20B8BD}
	EndGlobalSection
EndGlobal
