
Microsoft Visual Studio Solution File, Format Version 12.00
# Visual Studio Version 17
VisualStudioVersion = 17.4.33205.214
MinimumVisualStudioVersion = 10.0.40219.1
Project("{8BC9CEB8-8B4A-11D0-8D11-00A0C91BC942}") = "datastructure1_LL", "datastructure1_LL.vcxproj", "{492BB789-1135-48AE-B5FB-AB6CBEAA5B5D}"
EndProject
Global
	GlobalSection(SolutionConfigurationPlatforms) = preSolution
		Debug|x64 = Debug|x64
		Debug|x86 = Debug|x86
		Release|x64 = Release|x64
		Release|x86 = Release|x86
	EndGlobalSection
	GlobalSection(ProjectConfigurationPlatforms) = postSolution
		{492BB789-1135-48AE-B5FB-AB6CBEAA5B5D}.Debug|x64.ActiveCfg = Debug|x64
		{492BB789-1135-48AE-B5FB-AB6CBEAA5B5D}.Debug|x64.Build.0 = Debug|x64
		{492BB789-1135-48AE-B5FB-AB6CBEAA5B5D}.Debug|x86.ActiveCfg = Debug|Win32
		{492BB789-1135-48AE-B5FB-AB6CBEAA5B5D}.Debug|x86.Build.0 = Debug|Win32
		{492BB789-1135-48AE-B5FB-AB6CBEAA5B5D}.Release|x64.ActiveCfg = Release|x64
		{492BB789-1135-48AE-B5FB-AB6CBEAA5B5D}.Release|x64.Build.0 = Release|x64
		{492BB789-1135-48AE-B5FB-AB6CBEAA5B5D}.Release|x86.ActiveCfg = Release|Win32
		{492BB789-1135-48AE-B5FB-AB6CBEAA5B5D}.Release|x86.Build.0 = Release|Win32
	EndGlobalSection
	GlobalSection(SolutionProperties) = preSolution
		HideSolutionNode = FALSE
	EndGlobalSection
	GlobalSection(ExtensibilityGlobals) = postSolution
		SolutionGuid = {16A506A9-A180-4D4C-835C-9D5634C97351}
	EndGlobalSection
EndGlobal
