
Microsoft Visual Studio Solution File, Format Version 12.00
# Visual Studio Version 17
VisualStudioVersion = 17.4.33205.214
MinimumVisualStudioVersion = 10.0.40219.1
Project("{8BC9CEB8-8B4A-11D0-8D11-00A0C91BC942}") = "stack", "stack.vcxproj", "{5C6AB962-252C-4683-A268-540BE50C727A}"
EndProject
Global
	GlobalSection(SolutionConfigurationPlatforms) = preSolution
		Debug|x64 = Debug|x64
		Debug|x86 = Debug|x86
		Release|x64 = Release|x64
		Release|x86 = Release|x86
	EndGlobalSection
	GlobalSection(ProjectConfigurationPlatforms) = postSolution
		{5C6AB962-252C-4683-A268-540BE50C727A}.Debug|x64.ActiveCfg = Debug|x64
		{5C6AB962-252C-4683-A268-540BE50C727A}.Debug|x64.Build.0 = Debug|x64
		{5C6AB962-252C-4683-A268-540BE50C727A}.Debug|x86.ActiveCfg = Debug|Win32
		{5C6AB962-252C-4683-A268-540BE50C727A}.Debug|x86.Build.0 = Debug|Win32
		{5C6AB962-252C-4683-A268-540BE50C727A}.Release|x64.ActiveCfg = Release|x64
		{5C6AB962-252C-4683-A268-540BE50C727A}.Release|x64.Build.0 = Release|x64
		{5C6AB962-252C-4683-A268-540BE50C727A}.Release|x86.ActiveCfg = Release|Win32
		{5C6AB962-252C-4683-A268-540BE50C727A}.Release|x86.Build.0 = Release|Win32
	EndGlobalSection
	GlobalSection(SolutionProperties) = preSolution
		HideSolutionNode = FALSE
	EndGlobalSection
	GlobalSection(ExtensibilityGlobals) = postSolution
		SolutionGuid = {B7BA7C99-5D1F-465F-919C-379BF9B5FF8A}
	EndGlobalSection
EndGlobal
