
Microsoft Visual Studio Solution File, Format Version 12.00
# Visual Studio Version 17
VisualStudioVersion = 17.0.32014.148
MinimumVisualStudioVersion = 10.0.40219.1
Project("{FAE04EC0-301F-11D3-BF4B-00C04F79EFBC}") = "202202101 CS FileReading", "202202101 CS FileReading\202202101 CS FileReading.csproj", "{3D8CDB8B-AC48-4085-B081-47CB06CE8EDD}"
EndProject
Global
	GlobalSection(SolutionConfigurationPlatforms) = preSolution
		Debug|Any CPU = Debug|Any CPU
		Release|Any CPU = Release|Any CPU
	EndGlobalSection
	GlobalSection(ProjectConfigurationPlatforms) = postSolution
		{3D8CDB8B-AC48-4085-B081-47CB06CE8EDD}.Debug|Any CPU.ActiveCfg = Debug|Any CPU
		{3D8CDB8B-AC48-4085-B081-47CB06CE8EDD}.Debug|Any CPU.Build.0 = Debug|Any CPU
		{3D8CDB8B-AC48-4085-B081-47CB06CE8EDD}.Release|Any CPU.ActiveCfg = Release|Any CPU
		{3D8CDB8B-AC48-4085-B081-47CB06CE8EDD}.Release|Any CPU.Build.0 = Release|Any CPU
	EndGlobalSection
	GlobalSection(SolutionProperties) = preSolution
		HideSolutionNode = FALSE
	EndGlobalSection
	GlobalSection(ExtensibilityGlobals) = postSolution
		SolutionGuid = {AAD7F717-0228-48DB-B95C-569C60ED2E73}
	EndGlobalSection
EndGlobal
