
Microsoft Visual Studio Solution File, Format Version 12.00
# Visual Studio Version 17
VisualStudioVersion = 17.1.32210.238
MinimumVisualStudioVersion = 10.0.40219.1
Project("{FAE04EC0-301F-11D3-BF4B-00C04F79EFBC}") = "Revision1", "Revision1\Revision1.csproj", "{6E2D8E68-51A6-4643-AB77-C85091478563}"
EndProject
Global
	GlobalSection(SolutionConfigurationPlatforms) = preSolution
		Debug|Any CPU = Debug|Any CPU
		Release|Any CPU = Release|Any CPU
	EndGlobalSection
	GlobalSection(ProjectConfigurationPlatforms) = postSolution
		{6E2D8E68-51A6-4643-AB77-C85091478563}.Debug|Any CPU.ActiveCfg = Debug|Any CPU
		{6E2D8E68-51A6-4643-AB77-C85091478563}.Debug|Any CPU.Build.0 = Debug|Any CPU
		{6E2D8E68-51A6-4643-AB77-C85091478563}.Release|Any CPU.ActiveCfg = Release|Any CPU
		{6E2D8E68-51A6-4643-AB77-C85091478563}.Release|Any CPU.Build.0 = Release|Any CPU
	EndGlobalSection
	GlobalSection(SolutionProperties) = preSolution
		HideSolutionNode = FALSE
	EndGlobalSection
	GlobalSection(ExtensibilityGlobals) = postSolution
		SolutionGuid = {84B8233F-06B8-4328-B48B-88535E4D7826}
	EndGlobalSection
EndGlobal
