
Microsoft Visual Studio Solution File, Format Version 12.00
# Visual Studio Version 17
VisualStudioVersion = 17.2.32616.157
MinimumVisualStudioVersion = 10.0.40219.1
Project("{FAE04EC0-301F-11D3-BF4B-00C04F79EFBC}") = "HelloWorld", "HelloWorld.csproj", "{505D6C14-63CF-49A4-943E-C92C4416575D}"
EndProject
Global
	GlobalSection(SolutionConfigurationPlatforms) = preSolution
		Debug|Any CPU = Debug|Any CPU
		Release|Any CPU = Release|Any CPU
	EndGlobalSection
	GlobalSection(ProjectConfigurationPlatforms) = postSolution
		{505D6C14-63CF-49A4-943E-C92C4416575D}.Debug|Any CPU.ActiveCfg = Debug|Any CPU
		{505D6C14-63CF-49A4-943E-C92C4416575D}.Debug|Any CPU.Build.0 = Debug|Any CPU
		{505D6C14-63CF-49A4-943E-C92C4416575D}.Release|Any CPU.ActiveCfg = Release|Any CPU
		{505D6C14-63CF-49A4-943E-C92C4416575D}.Release|Any CPU.Build.0 = Release|Any CPU
	EndGlobalSection
	GlobalSection(SolutionProperties) = preSolution
		HideSolutionNode = FALSE
	EndGlobalSection
	GlobalSection(ExtensibilityGlobals) = postSolution
		SolutionGuid = {AC2CA7FB-04F4-48CE-A86F-DA78969517F3}
	EndGlobalSection
EndGlobal
