
Microsoft Visual Studio Solution File, Format Version 12.00
# Visual Studio Version 17
VisualStudioVersion = 17.4.33205.214
MinimumVisualStudioVersion = 10.0.40219.1
Project("{8BC9CEB8-8B4A-11D0-8D11-00A0C91BC942}") = "array_test_1", "array_test_1.vcxproj", "{D792D00F-2DFA-4C09-8143-11935FE3BAD4}"
EndProject
Global
	GlobalSection(SolutionConfigurationPlatforms) = preSolution
		Debug|x64 = Debug|x64
		Debug|x86 = Debug|x86
		Release|x64 = Release|x64
		Release|x86 = Release|x86
	EndGlobalSection
	GlobalSection(ProjectConfigurationPlatforms) = postSolution
		{D792D00F-2DFA-4C09-8143-11935FE3BAD4}.Debug|x64.ActiveCfg = Debug|x64
		{D792D00F-2DFA-4C09-8143-11935FE3BAD4}.Debug|x64.Build.0 = Debug|x64
		{D792D00F-2DFA-4C09-8143-11935FE3BAD4}.Debug|x86.ActiveCfg = Debug|Win32
		{D792D00F-2DFA-4C09-8143-11935FE3BAD4}.Debug|x86.Build.0 = Debug|Win32
		{D792D00F-2DFA-4C09-8143-11935FE3BAD4}.Release|x64.ActiveCfg = Release|x64
		{D792D00F-2DFA-4C09-8143-11935FE3BAD4}.Release|x64.Build.0 = Release|x64
		{D792D00F-2DFA-4C09-8143-11935FE3BAD4}.Release|x86.ActiveCfg = Release|Win32
		{D792D00F-2DFA-4C09-8143-11935FE3BAD4}.Release|x86.Build.0 = Release|Win32
	EndGlobalSection
	GlobalSection(SolutionProperties) = preSolution
		HideSolutionNode = FALSE
	EndGlobalSection
	GlobalSection(ExtensibilityGlobals) = postSolution
		SolutionGuid = {EF4DA873-9401-426B-996D-7BEBBBC1BE24}
	EndGlobalSection
EndGlobal
