
Microsoft Visual Studio Solution File, Format Version 12.00
# Visual Studio Version 17
VisualStudioVersion = 17.0.32014.148
MinimumVisualStudioVersion = 10.0.40219.1
Project("{FAE04EC0-301F-11D3-BF4B-00C04F79EFBC}") = "2022021601 CS 3CardGame Random", "2022021601 CS 3CardGame Random\2022021601 CS 3CardGame Random.csproj", "{7041DF2C-2D47-455C-AF56-3D5760453CA8}"
EndProject
Global
	GlobalSection(SolutionConfigurationPlatforms) = preSolution
		Debug|Any CPU = Debug|Any CPU
		Release|Any CPU = Release|Any CPU
	EndGlobalSection
	GlobalSection(ProjectConfigurationPlatforms) = postSolution
		{7041DF2C-2D47-455C-AF56-3D5760453CA8}.Debug|Any CPU.ActiveCfg = Debug|Any CPU
		{7041DF2C-2D47-455C-AF56-3D5760453CA8}.Debug|Any CPU.Build.0 = Debug|Any CPU
		{7041DF2C-2D47-455C-AF56-3D5760453CA8}.Release|Any CPU.ActiveCfg = Release|Any CPU
		{7041DF2C-2D47-455C-AF56-3D5760453CA8}.Release|Any CPU.Build.0 = Release|Any CPU
	EndGlobalSection
	GlobalSection(SolutionProperties) = preSolution
		HideSolutionNode = FALSE
	EndGlobalSection
	GlobalSection(ExtensibilityGlobals) = postSolution
		SolutionGuid = {A76A12CD-CBBA-45A2-B3C0-4094D6268C5E}
	EndGlobalSection
EndGlobal
