
Microsoft Visual Studio Solution File, Format Version 12.00
# Visual Studio Version 17
VisualStudioVersion = 17.0.32014.148
MinimumVisualStudioVersion = 10.0.40219.1
Project("{FAE04EC0-301F-11D3-BF4B-00C04F79EFBC}") = "2022022301 CS Login Exam", "2022022301 CS Login Exam\2022022301 CS Login Exam.csproj", "{A6680502-500F-475A-A334-5B7DD93E521D}"
EndProject
Global
	GlobalSection(SolutionConfigurationPlatforms) = preSolution
		Debug|Any CPU = Debug|Any CPU
		Release|Any CPU = Release|Any CPU
	EndGlobalSection
	GlobalSection(ProjectConfigurationPlatforms) = postSolution
		{A6680502-500F-475A-A334-5B7DD93E521D}.Debug|Any CPU.ActiveCfg = Debug|Any CPU
		{A6680502-500F-475A-A334-5B7DD93E521D}.Debug|Any CPU.Build.0 = Debug|Any CPU
		{A6680502-500F-475A-A334-5B7DD93E521D}.Release|Any CPU.ActiveCfg = Release|Any CPU
		{A6680502-500F-475A-A334-5B7DD93E521D}.Release|Any CPU.Build.0 = Release|Any CPU
	EndGlobalSection
	GlobalSection(SolutionProperties) = preSolution
		HideSolutionNode = FALSE
	EndGlobalSection
	GlobalSection(ExtensibilityGlobals) = postSolution
		SolutionGuid = {D17DFBD1-D3B5-4676-BF17-FA0DC4309759}
	EndGlobalSection
EndGlobal
