
Microsoft Visual Studio Solution File, Format Version 12.00
# Visual Studio Version 17
VisualStudioVersion = 17.4.33205.214
MinimumVisualStudioVersion = 10.0.40219.1
Project("{8BC9CEB8-8B4A-11D0-8D11-00A0C91BC942}") = "power_test", "power_test.vcxproj", "{AB3412A4-BF3E-444B-9D20-41996D393D6B}"
EndProject
Global
	GlobalSection(SolutionConfigurationPlatforms) = preSolution
		Debug|x64 = Debug|x64
		Debug|x86 = Debug|x86
		Release|x64 = Release|x64
		Release|x86 = Release|x86
	EndGlobalSection
	GlobalSection(ProjectConfigurationPlatforms) = postSolution
		{AB3412A4-BF3E-444B-9D20-41996D393D6B}.Debug|x64.ActiveCfg = Debug|x64
		{AB3412A4-BF3E-444B-9D20-41996D393D6B}.Debug|x64.Build.0 = Debug|x64
		{AB3412A4-BF3E-444B-9D20-41996D393D6B}.Debug|x86.ActiveCfg = Debug|Win32
		{AB3412A4-BF3E-444B-9D20-41996D393D6B}.Debug|x86.Build.0 = Debug|Win32
		{AB3412A4-BF3E-444B-9D20-41996D393D6B}.Release|x64.ActiveCfg = Release|x64
		{AB3412A4-BF3E-444B-9D20-41996D393D6B}.Release|x64.Build.0 = Release|x64
		{AB3412A4-BF3E-444B-9D20-41996D393D6B}.Release|x86.ActiveCfg = Release|Win32
		{AB3412A4-BF3E-444B-9D20-41996D393D6B}.Release|x86.Build.0 = Release|Win32
	EndGlobalSection
	GlobalSection(SolutionProperties) = preSolution
		HideSolutionNode = FALSE
	EndGlobalSection
	GlobalSection(ExtensibilityGlobals) = postSolution
		SolutionGuid = {996A25C5-CA30-4BA7-B84D-3FD5490633B6}
	EndGlobalSection
EndGlobal
