
Microsoft Visual Studio Solution File, Format Version 12.00
# Visual Studio Version 17
VisualStudioVersion = 17.0.32014.148
MinimumVisualStudioVersion = 10.0.40219.1
Project("{FAE04EC0-301F-11D3-BF4B-00C04F79EFBC}") = "2022022101 File IO", "2022022101 File IO\2022022101 File IO.csproj", "{06F14070-035D-4638-A2EF-FAF878E0FC6E}"
EndProject
Global
	GlobalSection(SolutionConfigurationPlatforms) = preSolution
		Debug|Any CPU = Debug|Any CPU
		Release|Any CPU = Release|Any CPU
	EndGlobalSection
	GlobalSection(ProjectConfigurationPlatforms) = postSolution
		{06F14070-035D-4638-A2EF-FAF878E0FC6E}.Debug|Any CPU.ActiveCfg = Debug|Any CPU
		{06F14070-035D-4638-A2EF-FAF878E0FC6E}.Debug|Any CPU.Build.0 = Debug|Any CPU
		{06F14070-035D-4638-A2EF-FAF878E0FC6E}.Release|Any CPU.ActiveCfg = Release|Any CPU
		{06F14070-035D-4638-A2EF-FAF878E0FC6E}.Release|Any CPU.Build.0 = Release|Any CPU
	EndGlobalSection
	GlobalSection(SolutionProperties) = preSolution
		HideSolutionNode = FALSE
	EndGlobalSection
	GlobalSection(ExtensibilityGlobals) = postSolution
		SolutionGuid = {C62673E4-334E-447F-A688-A4A15461CE34}
	EndGlobalSection
EndGlobal
