
Microsoft Visual Studio Solution File, Format Version 12.00
# Visual Studio Version 17
VisualStudioVersion = 17.0.32014.148
MinimumVisualStudioVersion = 10.0.40219.1
Project("{FAE04EC0-301F-11D3-BF4B-00C04F79EFBC}") = "2022021001BasicTools", "2022021001BasicTools\2022021001BasicTools.csproj", "{C194C431-7175-4BFF-80CE-5FF76CB4C37C}"
EndProject
Global
	GlobalSection(SolutionConfigurationPlatforms) = preSolution
		Debug|Any CPU = Debug|Any CPU
		Release|Any CPU = Release|Any CPU
	EndGlobalSection
	GlobalSection(ProjectConfigurationPlatforms) = postSolution
		{C194C431-7175-4BFF-80CE-5FF76CB4C37C}.Debug|Any CPU.ActiveCfg = Debug|Any CPU
		{C194C431-7175-4BFF-80CE-5FF76CB4C37C}.Debug|Any CPU.Build.0 = Debug|Any CPU
		{C194C431-7175-4BFF-80CE-5FF76CB4C37C}.Release|Any CPU.ActiveCfg = Release|Any CPU
		{C194C431-7175-4BFF-80CE-5FF76CB4C37C}.Release|Any CPU.Build.0 = Release|Any CPU
	EndGlobalSection
	GlobalSection(SolutionProperties) = preSolution
		HideSolutionNode = FALSE
	EndGlobalSection
	GlobalSection(ExtensibilityGlobals) = postSolution
		SolutionGuid = {ED665F50-3E72-42F2-BEA3-F02EB44C3897}
	EndGlobalSection
EndGlobal
