
Microsoft Visual Studio Solution File, Format Version 12.00
# Visual Studio Version 17
VisualStudioVersion = 17.0.32014.148
MinimumVisualStudioVersion = 10.0.40219.1
Project("{FAE04EC0-301F-11D3-BF4B-00C04F79EFBC}") = "2022020801PhotoAlbum2", "2022020801PhotoAlbum2\2022020801PhotoAlbum2.csproj", "{A55BBE40-2E1A-46B9-AB3E-559EBC8BAE93}"
EndProject
Global
	GlobalSection(SolutionConfigurationPlatforms) = preSolution
		Debug|Any CPU = Debug|Any CPU
		Release|Any CPU = Release|Any CPU
	EndGlobalSection
	GlobalSection(ProjectConfigurationPlatforms) = postSolution
		{A55BBE40-2E1A-46B9-AB3E-559EBC8BAE93}.Debug|Any CPU.ActiveCfg = Debug|Any CPU
		{A55BBE40-2E1A-46B9-AB3E-559EBC8BAE93}.Debug|Any CPU.Build.0 = Debug|Any CPU
		{A55BBE40-2E1A-46B9-AB3E-559EBC8BAE93}.Release|Any CPU.ActiveCfg = Release|Any CPU
		{A55BBE40-2E1A-46B9-AB3E-559EBC8BAE93}.Release|Any CPU.Build.0 = Release|Any CPU
	EndGlobalSection
	GlobalSection(SolutionProperties) = preSolution
		HideSolutionNode = FALSE
	EndGlobalSection
	GlobalSection(ExtensibilityGlobals) = postSolution
		SolutionGuid = {554072AC-53BC-4644-B607-175793502175}
	EndGlobalSection
EndGlobal
